
Microsoft Visual Studio Solution File, Format Version 12.00
# Visual Studio 15
VisualStudioVersion = 15.0.28307.779
MinimumVisualStudioVersion = 10.0.40219.1
Project("{8BC9CEB8-8B4A-11D0-8D11-00A0C91BC942}") = "CIS376Project", "CIS376Project.vcxproj", "{8B762E5D-B5E2-4208-BA45-A031269B09BC}"
EndProject
Project("{8BC9CEB8-8B4A-11D0-8D11-00A0C91BC942}") = "UnitTestHotel", "..\UnitTestHotel\UnitTestHotel.vcxproj", "{A890515E-AFC4-4645-BE51-C49FCDED141B}"
EndProject
Global
	GlobalSection(SolutionConfigurationPlatforms) = preSolution
		Debug|x64 = Debug|x64
		Debug|x86 = Debug|x86
		Release|x64 = Release|x64
		Release|x86 = Release|x86
	EndGlobalSection
	GlobalSection(ProjectConfigurationPlatforms) = postSolution
		{8B762E5D-B5E2-4208-BA45-A031269B09BC}.Debug|x64.ActiveCfg = Release|x64
		{8B762E5D-B5E2-4208-BA45-A031269B09BC}.Debug|x64.Build.0 = Release|x64
		{8B762E5D-B5E2-4208-BA45-A031269B09BC}.Debug|x86.ActiveCfg = Debug|Win32
		{8B762E5D-B5E2-4208-BA45-A031269B09BC}.Debug|x86.Build.0 = Debug|Win32
		{8B762E5D-B5E2-4208-BA45-A031269B09BC}.Release|x64.ActiveCfg = Release|x64
		{8B762E5D-B5E2-4208-BA45-A031269B09BC}.Release|x64.Build.0 = Release|x64
		{8B762E5D-B5E2-4208-BA45-A031269B09BC}.Release|x86.ActiveCfg = Release|Win32
		{8B762E5D-B5E2-4208-BA45-A031269B09BC}.Release|x86.Build.0 = Release|Win32
		{A890515E-AFC4-4645-BE51-C49FCDED141B}.Debug|x64.ActiveCfg = Release|x64
		{A890515E-AFC4-4645-BE51-C49FCDED141B}.Debug|x64.Build.0 = Release|x64
		{A890515E-AFC4-4645-BE51-C49FCDED141B}.Debug|x86.ActiveCfg = Debug|Win32
		{A890515E-AFC4-4645-BE51-C49FCDED141B}.Debug|x86.Build.0 = Debug|Win32
		{A890515E-AFC4-4645-BE51-C49FCDED141B}.Release|x64.ActiveCfg = Release|x64
		{A890515E-AFC4-4645-BE51-C49FCDED141B}.Release|x64.Build.0 = Release|x64
		{A890515E-AFC4-4645-BE51-C49FCDED141B}.Release|x86.ActiveCfg = Release|Win32
		{A890515E-AFC4-4645-BE51-C49FCDED141B}.Release|x86.Build.0 = Release|Win32
	EndGlobalSection
	GlobalSection(SolutionProperties) = preSolution
		HideSolutionNode = FALSE
	EndGlobalSection
	GlobalSection(ExtensibilityGlobals) = postSolution
		SolutionGuid = {4804958C-FD19-4677-9C56-6F66A19FB0A1}
	EndGlobalSection
EndGlobal
